
Microsoft Visual Studio Solution File, Format Version 12.00
# Visual Studio Version 16
VisualStudioVersion = 16.0.29306.81
MinimumVisualStudioVersion = 10.0.40219.1
Project("{FAE04EC0-301F-11D3-BF4B-00C04F79EFBC}") = "Kandoi_SiddhantKumar_Assignment5_MS806", "Kandoi_SiddhantKumar_Assignment5_MS806\Kandoi_SiddhantKumar_Assignment5_MS806.csproj", "{6A96CC38-E326-44AA-9008-2F5671728DD1}"
EndProject
Global
	GlobalSection(SolutionConfigurationPlatforms) = preSolution
		Debug|Any CPU = Debug|Any CPU
		Release|Any CPU = Release|Any CPU
	EndGlobalSection
	GlobalSection(ProjectConfigurationPlatforms) = postSolution
		{6A96CC38-E326-44AA-9008-2F5671728DD1}.Debug|Any CPU.ActiveCfg = Debug|Any CPU
		{6A96CC38-E326-44AA-9008-2F5671728DD1}.Debug|Any CPU.Build.0 = Debug|Any CPU
		{6A96CC38-E326-44AA-9008-2F5671728DD1}.Release|Any CPU.ActiveCfg = Release|Any CPU
		{6A96CC38-E326-44AA-9008-2F5671728DD1}.Release|Any CPU.Build.0 = Release|Any CPU
	EndGlobalSection
	GlobalSection(SolutionProperties) = preSolution
		HideSolutionNode = FALSE
	EndGlobalSection
	GlobalSection(ExtensibilityGlobals) = postSolution
		SolutionGuid = {C8C3B8F8-5D38-4956-B912-D4980F8DCD6A}
	EndGlobalSection
EndGlobal
